
Microsoft Visual Studio Solution File, Format Version 12.00
# Visual Studio 14
VisualStudioVersion = 14.0.25420.1
MinimumVisualStudioVersion = 10.0.40219.1
Project("{8BC9CEB8-8B4A-11D0-8D11-00A0C91BC942}") = "ArrayList", "ArrayList\ArrayList.vcxproj", "{E110B266-3455-48CE-B385-29B2DC40BD2A}"
EndProject
Project("{8BC9CEB8-8B4A-11D0-8D11-00A0C91BC942}") = "LinkedList", "LinkedList\LinkedList.vcxproj", "{F5DDBA4E-B7C2-41E7-BC5C-7F3F2C67FEB1}"
EndProject
Project("{8BC9CEB8-8B4A-11D0-8D11-00A0C91BC942}") = "CircularLinkedList", "CircularLinkedList\CircularLinkedList.vcxproj", "{005C0EF4-1E64-4919-BA7D-06CEF39A2B83}"
EndProject
Project("{8BC9CEB8-8B4A-11D0-8D11-00A0C91BC942}") = "DoublyLinkedList", "DoublyLinkedList\DoublyLinkedList.vcxproj", "{D3A009D2-70FB-4DDC-942D-909234E0B4F8}"
EndProject
Project("{8BC9CEB8-8B4A-11D0-8D11-00A0C91BC942}") = "ArrayStack", "ArrayStack\ArrayStack.vcxproj", "{4B35A186-65B4-48EE-81B6-97B3E763B165}"
EndProject
Project("{8BC9CEB8-8B4A-11D0-8D11-00A0C91BC942}") = "LinkedListStack", "LinkedListStack\LinkedListStack.vcxproj", "{B45FA61C-73F5-4E49-9675-C52EB176C053}"
EndProject
Project("{8BC9CEB8-8B4A-11D0-8D11-00A0C91BC942}") = "ArrayQueue", "ArrayQueue\ArrayQueue.vcxproj", "{D718F4A9-D5EB-4855-8790-C84DB49AC82F}"
EndProject
Project("{8BC9CEB8-8B4A-11D0-8D11-00A0C91BC942}") = "LinkedListQueue", "LinkedListQueue\LinkedListQueue.vcxproj", "{920CC1D6-1339-456C-B17C-347F88454EB4}"
EndProject
Project("{8BC9CEB8-8B4A-11D0-8D11-00A0C91BC942}") = "BinaryTree", "BinaryTree\BinaryTree.vcxproj", "{1DC1926A-BB35-4D07-8A22-F762FEDA296B}"
EndProject
Project("{8BC9CEB8-8B4A-11D0-8D11-00A0C91BC942}") = "Heap", "Heap\Heap.vcxproj", "{E835CDD5-EEBE-4C69-92A1-D8F48D3AA636}"
EndProject
Global
	GlobalSection(SolutionConfigurationPlatforms) = preSolution
		Debug|x64 = Debug|x64
		Debug|x86 = Debug|x86
		Release|x64 = Release|x64
		Release|x86 = Release|x86
	EndGlobalSection
	GlobalSection(ProjectConfigurationPlatforms) = postSolution
		{E110B266-3455-48CE-B385-29B2DC40BD2A}.Debug|x64.ActiveCfg = Debug|x64
		{E110B266-3455-48CE-B385-29B2DC40BD2A}.Debug|x64.Build.0 = Debug|x64
		{E110B266-3455-48CE-B385-29B2DC40BD2A}.Debug|x86.ActiveCfg = Debug|Win32
		{E110B266-3455-48CE-B385-29B2DC40BD2A}.Debug|x86.Build.0 = Debug|Win32
		{E110B266-3455-48CE-B385-29B2DC40BD2A}.Release|x64.ActiveCfg = Release|x64
		{E110B266-3455-48CE-B385-29B2DC40BD2A}.Release|x64.Build.0 = Release|x64
		{E110B266-3455-48CE-B385-29B2DC40BD2A}.Release|x86.ActiveCfg = Release|Win32
		{E110B266-3455-48CE-B385-29B2DC40BD2A}.Release|x86.Build.0 = Release|Win32
		{F5DDBA4E-B7C2-41E7-BC5C-7F3F2C67FEB1}.Debug|x64.ActiveCfg = Debug|x64
		{F5DDBA4E-B7C2-41E7-BC5C-7F3F2C67FEB1}.Debug|x64.Build.0 = Debug|x64
		{F5DDBA4E-B7C2-41E7-BC5C-7F3F2C67FEB1}.Debug|x86.ActiveCfg = Debug|Win32
		{F5DDBA4E-B7C2-41E7-BC5C-7F3F2C67FEB1}.Debug|x86.Build.0 = Debug|Win32
		{F5DDBA4E-B7C2-41E7-BC5C-7F3F2C67FEB1}.Release|x64.ActiveCfg = Release|x64
		{F5DDBA4E-B7C2-41E7-BC5C-7F3F2C67FEB1}.Release|x64.Build.0 = Release|x64
		{F5DDBA4E-B7C2-41E7-BC5C-7F3F2C67FEB1}.Release|x86.ActiveCfg = Release|Win32
		{F5DDBA4E-B7C2-41E7-BC5C-7F3F2C67FEB1}.Release|x86.Build.0 = Release|Win32
		{005C0EF4-1E64-4919-BA7D-06CEF39A2B83}.Debug|x64.ActiveCfg = Debug|x64
		{005C0EF4-1E64-4919-BA7D-06CEF39A2B83}.Debug|x64.Build.0 = Debug|x64
		{005C0EF4-1E64-4919-BA7D-06CEF39A2B83}.Debug|x86.ActiveCfg = Debug|Win32
		{005C0EF4-1E64-4919-BA7D-06CEF39A2B83}.Debug|x86.Build.0 = Debug|Win32
		{005C0EF4-1E64-4919-BA7D-06CEF39A2B83}.Release|x64.ActiveCfg = Release|x64
		{005C0EF4-1E64-4919-BA7D-06CEF39A2B83}.Release|x64.Build.0 = Release|x64
		{005C0EF4-1E64-4919-BA7D-06CEF39A2B83}.Release|x86.ActiveCfg = Release|Win32
		{005C0EF4-1E64-4919-BA7D-06CEF39A2B83}.Release|x86.Build.0 = Release|Win32
		{D3A009D2-70FB-4DDC-942D-909234E0B4F8}.Debug|x64.ActiveCfg = Debug|x64
		{D3A009D2-70FB-4DDC-942D-909234E0B4F8}.Debug|x64.Build.0 = Debug|x64
		{D3A009D2-70FB-4DDC-942D-909234E0B4F8}.Debug|x86.ActiveCfg = Debug|Win32
		{D3A009D2-70FB-4DDC-942D-909234E0B4F8}.Debug|x86.Build.0 = Debug|Win32
		{D3A009D2-70FB-4DDC-942D-909234E0B4F8}.Release|x64.ActiveCfg = Release|x64
		{D3A009D2-70FB-4DDC-942D-909234E0B4F8}.Release|x64.Build.0 = Release|x64
		{D3A009D2-70FB-4DDC-942D-909234E0B4F8}.Release|x86.ActiveCfg = Release|Win32
		{D3A009D2-70FB-4DDC-942D-909234E0B4F8}.Release|x86.Build.0 = Release|Win32
		{4B35A186-65B4-48EE-81B6-97B3E763B165}.Debug|x64.ActiveCfg = Debug|x64
		{4B35A186-65B4-48EE-81B6-97B3E763B165}.Debug|x64.Build.0 = Debug|x64
		{4B35A186-65B4-48EE-81B6-97B3E763B165}.Debug|x86.ActiveCfg = Debug|Win32
		{4B35A186-65B4-48EE-81B6-97B3E763B165}.Debug|x86.Build.0 = Debug|Win32
		{4B35A186-65B4-48EE-81B6-97B3E763B165}.Release|x64.ActiveCfg = Release|x64
		{4B35A186-65B4-48EE-81B6-97B3E763B165}.Release|x64.Build.0 = Release|x64
		{4B35A186-65B4-48EE-81B6-97B3E763B165}.Release|x86.ActiveCfg = Release|Win32
		{4B35A186-65B4-48EE-81B6-97B3E763B165}.Release|x86.Build.0 = Release|Win32
		{B45FA61C-73F5-4E49-9675-C52EB176C053}.Debug|x64.ActiveCfg = Debug|x64
		{B45FA61C-73F5-4E49-9675-C52EB176C053}.Debug|x64.Build.0 = Debug|x64
		{B45FA61C-73F5-4E49-9675-C52EB176C053}.Debug|x86.ActiveCfg = Debug|Win32
		{B45FA61C-73F5-4E49-9675-C52EB176C053}.Debug|x86.Build.0 = Debug|Win32
		{B45FA61C-73F5-4E49-9675-C52EB176C053}.Release|x64.ActiveCfg = Release|x64
		{B45FA61C-73F5-4E49-9675-C52EB176C053}.Release|x64.Build.0 = Release|x64
		{B45FA61C-73F5-4E49-9675-C52EB176C053}.Release|x86.ActiveCfg = Release|Win32
		{B45FA61C-73F5-4E49-9675-C52EB176C053}.Release|x86.Build.0 = Release|Win32
		{D718F4A9-D5EB-4855-8790-C84DB49AC82F}.Debug|x64.ActiveCfg = Debug|x64
		{D718F4A9-D5EB-4855-8790-C84DB49AC82F}.Debug|x64.Build.0 = Debug|x64
		{D718F4A9-D5EB-4855-8790-C84DB49AC82F}.Debug|x86.ActiveCfg = Debug|Win32
		{D718F4A9-D5EB-4855-8790-C84DB49AC82F}.Debug|x86.Build.0 = Debug|Win32
		{D718F4A9-D5EB-4855-8790-C84DB49AC82F}.Release|x64.ActiveCfg = Release|x64
		{D718F4A9-D5EB-4855-8790-C84DB49AC82F}.Release|x64.Build.0 = Release|x64
		{D718F4A9-D5EB-4855-8790-C84DB49AC82F}.Release|x86.ActiveCfg = Release|Win32
		{D718F4A9-D5EB-4855-8790-C84DB49AC82F}.Release|x86.Build.0 = Release|Win32
		{920CC1D6-1339-456C-B17C-347F88454EB4}.Debug|x64.ActiveCfg = Debug|x64
		{920CC1D6-1339-456C-B17C-347F88454EB4}.Debug|x64.Build.0 = Debug|x64
		{920CC1D6-1339-456C-B17C-347F88454EB4}.Debug|x86.ActiveCfg = Debug|Win32
		{920CC1D6-1339-456C-B17C-347F88454EB4}.Debug|x86.Build.0 = Debug|Win32
		{920CC1D6-1339-456C-B17C-347F88454EB4}.Release|x64.ActiveCfg = Release|x64
		{920CC1D6-1339-456C-B17C-347F88454EB4}.Release|x64.Build.0 = Release|x64
		{920CC1D6-1339-456C-B17C-347F88454EB4}.Release|x86.ActiveCfg = Release|Win32
		{920CC1D6-1339-456C-B17C-347F88454EB4}.Release|x86.Build.0 = Release|Win32
		{1DC1926A-BB35-4D07-8A22-F762FEDA296B}.Debug|x64.ActiveCfg = Debug|x64
		{1DC1926A-BB35-4D07-8A22-F762FEDA296B}.Debug|x64.Build.0 = Debug|x64
		{1DC1926A-BB35-4D07-8A22-F762FEDA296B}.Debug|x86.ActiveCfg = Debug|Win32
		{1DC1926A-BB35-4D07-8A22-F762FEDA296B}.Debug|x86.Build.0 = Debug|Win32
		{1DC1926A-BB35-4D07-8A22-F762FEDA296B}.Release|x64.ActiveCfg = Release|x64
		{1DC1926A-BB35-4D07-8A22-F762FEDA296B}.Release|x64.Build.0 = Release|x64
		{1DC1926A-BB35-4D07-8A22-F762FEDA296B}.Release|x86.ActiveCfg = Release|Win32
		{1DC1926A-BB35-4D07-8A22-F762FEDA296B}.Release|x86.Build.0 = Release|Win32
		{E835CDD5-EEBE-4C69-92A1-D8F48D3AA636}.Debug|x64.ActiveCfg = Debug|x64
		{E835CDD5-EEBE-4C69-92A1-D8F48D3AA636}.Debug|x64.Build.0 = Debug|x64
		{E835CDD5-EEBE-4C69-92A1-D8F48D3AA636}.Debug|x86.ActiveCfg = Debug|Win32
		{E835CDD5-EEBE-4C69-92A1-D8F48D3AA636}.Debug|x86.Build.0 = Debug|Win32
		{E835CDD5-EEBE-4C69-92A1-D8F48D3AA636}.Release|x64.ActiveCfg = Release|x64
		{E835CDD5-EEBE-4C69-92A1-D8F48D3AA636}.Release|x64.Build.0 = Release|x64
		{E835CDD5-EEBE-4C69-92A1-D8F48D3AA636}.Release|x86.ActiveCfg = Release|Win32
		{E835CDD5-EEBE-4C69-92A1-D8F48D3AA636}.Release|x86.Build.0 = Release|Win32
	EndGlobalSection
	GlobalSection(SolutionProperties) = preSolution
		HideSolutionNode = FALSE
	EndGlobalSection
EndGlobal
